
Microsoft Visual Studio Solution File, Format Version 12.00
# Visual Studio Version 16
VisualStudioVersion = 25.0.1703.0
MinimumVisualStudioVersion = 10.0.40219.1
Project("{FAE04EC0-301F-11D3-BF4B-00C04F79EFBC}") = "StatusCode409Example", "StatusCode409Example.csproj", "{E3EC1B2A-4FBE-4DE6-A13F-F6CE63832FD6}"
EndProject
Project("{2150E333-8FDC-42A3-9474-1A3956D46DE8}") = "Solution Items", "Solution Items", "{85E81942-B120-4954-BBCC-0C6443122A24}"
	ProjectSection(SolutionItems) = preProject
		.gitignore = .gitignore
	EndProjectSection
EndProject
Global
	GlobalSection(SolutionConfigurationPlatforms) = preSolution
		Debug|Any CPU = Debug|Any CPU
		Release|Any CPU = Release|Any CPU
	EndGlobalSection
	GlobalSection(ProjectConfigurationPlatforms) = postSolution
		{E3EC1B2A-4FBE-4DE6-A13F-F6CE63832FD6}.Debug|Any CPU.ActiveCfg = Debug|Any CPU
		{E3EC1B2A-4FBE-4DE6-A13F-F6CE63832FD6}.Debug|Any CPU.Build.0 = Debug|Any CPU
		{E3EC1B2A-4FBE-4DE6-A13F-F6CE63832FD6}.Release|Any CPU.ActiveCfg = Release|Any CPU
		{E3EC1B2A-4FBE-4DE6-A13F-F6CE63832FD6}.Release|Any CPU.Build.0 = Release|Any CPU
	EndGlobalSection
	GlobalSection(SolutionProperties) = preSolution
		HideSolutionNode = FALSE
	EndGlobalSection
	GlobalSection(ExtensibilityGlobals) = postSolution
		SolutionGuid = {ACD007A1-FB6D-4D71-BE26-3E64FA583F3A}
	EndGlobalSection
EndGlobal
